
Microsoft Visual Studio Solution File, Format Version 12.00
# Visual Studio 2013
VisualStudioVersion = 12.0.31101.0
MinimumVisualStudioVersion = 10.0.40219.1
Project("{8BC9CEB8-8B4A-11D0-8D11-00A0C91BC942}") = "TerminalApp", "TerminalApp\TerminalApp.vcxproj", "{C3FA07F2-21AA-4466-A1E9-CAAD24160C67}"
	ProjectSection(ProjectDependencies) = postProject
		{C63274A8-6AA9-4330-910F-E8B94EAA7E92} = {C63274A8-6AA9-4330-910F-E8B94EAA7E92}
		{5D55BCD8-65E9-4FB9-ABD5-70EA5A1CFC88} = {5D55BCD8-65E9-4FB9-ABD5-70EA5A1CFC88}
	EndProjectSection
EndProject
Project("{8BC9CEB8-8B4A-11D0-8D11-00A0C91BC942}") = "TerminalLib", "TerminalLib\TerminalLib.vcxproj", "{C63274A8-6AA9-4330-910F-E8B94EAA7E92}"
	ProjectSection(ProjectDependencies) = postProject
		{5D55BCD8-65E9-4FB9-ABD5-70EA5A1CFC88} = {5D55BCD8-65E9-4FB9-ABD5-70EA5A1CFC88}
	EndProjectSection
EndProject
Project("{8BC9CEB8-8B4A-11D0-8D11-00A0C91BC942}") = "ToolsLib", "ToolsLib\ToolsLib.vcxproj", "{5D55BCD8-65E9-4FB9-ABD5-70EA5A1CFC88}"
EndProject
Project("{8BC9CEB8-8B4A-11D0-8D11-00A0C91BC942}") = "TerminalTest", "TerminalTest\TerminalTest.vcxproj", "{C1C27FD6-C9B6-40AB-8214-270BF46F6CCB}"
	ProjectSection(ProjectDependencies) = postProject
		{C63274A8-6AA9-4330-910F-E8B94EAA7E92} = {C63274A8-6AA9-4330-910F-E8B94EAA7E92}
		{5D55BCD8-65E9-4FB9-ABD5-70EA5A1CFC88} = {5D55BCD8-65E9-4FB9-ABD5-70EA5A1CFC88}
	EndProjectSection
EndProject
Project("{8BC9CEB8-8B4A-11D0-8D11-00A0C91BC942}") = "TerminalEmulator", "TerminalEmulator\TerminalEmulator.vcxproj", "{EBEEF6C6-A5B0-4EC4-8BE1-9343CD785F36}"
	ProjectSection(ProjectDependencies) = postProject
		{C63274A8-6AA9-4330-910F-E8B94EAA7E92} = {C63274A8-6AA9-4330-910F-E8B94EAA7E92}
		{5D55BCD8-65E9-4FB9-ABD5-70EA5A1CFC88} = {5D55BCD8-65E9-4FB9-ABD5-70EA5A1CFC88}
	EndProjectSection
EndProject
Project("{8BC9CEB8-8B4A-11D0-8D11-00A0C91BC942}") = "SimpleDeviceEmulator", "SimpleDeviceEmulator\SimpleDeviceEmulator.vcxproj", "{67B61310-8367-4D80-83A8-342365B57CDE}"
	ProjectSection(ProjectDependencies) = postProject
		{C63274A8-6AA9-4330-910F-E8B94EAA7E92} = {C63274A8-6AA9-4330-910F-E8B94EAA7E92}
		{5D55BCD8-65E9-4FB9-ABD5-70EA5A1CFC88} = {5D55BCD8-65E9-4FB9-ABD5-70EA5A1CFC88}
	EndProjectSection
EndProject
Global
	GlobalSection(SolutionConfigurationPlatforms) = preSolution
		Debug|Win32 = Debug|Win32
		Release|Win32 = Release|Win32
	EndGlobalSection
	GlobalSection(ProjectConfigurationPlatforms) = postSolution
		{C3FA07F2-21AA-4466-A1E9-CAAD24160C67}.Debug|Win32.ActiveCfg = Debug|Win32
		{C3FA07F2-21AA-4466-A1E9-CAAD24160C67}.Debug|Win32.Build.0 = Debug|Win32
		{C3FA07F2-21AA-4466-A1E9-CAAD24160C67}.Release|Win32.ActiveCfg = Release|Win32
		{C3FA07F2-21AA-4466-A1E9-CAAD24160C67}.Release|Win32.Build.0 = Release|Win32
		{C63274A8-6AA9-4330-910F-E8B94EAA7E92}.Debug|Win32.ActiveCfg = Debug|Win32
		{C63274A8-6AA9-4330-910F-E8B94EAA7E92}.Debug|Win32.Build.0 = Debug|Win32
		{C63274A8-6AA9-4330-910F-E8B94EAA7E92}.Release|Win32.ActiveCfg = Release|Win32
		{C63274A8-6AA9-4330-910F-E8B94EAA7E92}.Release|Win32.Build.0 = Release|Win32
		{5D55BCD8-65E9-4FB9-ABD5-70EA5A1CFC88}.Debug|Win32.ActiveCfg = Debug|Win32
		{5D55BCD8-65E9-4FB9-ABD5-70EA5A1CFC88}.Debug|Win32.Build.0 = Debug|Win32
		{5D55BCD8-65E9-4FB9-ABD5-70EA5A1CFC88}.Release|Win32.ActiveCfg = Release|Win32
		{5D55BCD8-65E9-4FB9-ABD5-70EA5A1CFC88}.Release|Win32.Build.0 = Release|Win32
		{C1C27FD6-C9B6-40AB-8214-270BF46F6CCB}.Debug|Win32.ActiveCfg = Debug|Win32
		{C1C27FD6-C9B6-40AB-8214-270BF46F6CCB}.Debug|Win32.Build.0 = Debug|Win32
		{C1C27FD6-C9B6-40AB-8214-270BF46F6CCB}.Release|Win32.ActiveCfg = Release|Win32
		{C1C27FD6-C9B6-40AB-8214-270BF46F6CCB}.Release|Win32.Build.0 = Release|Win32
		{EBEEF6C6-A5B0-4EC4-8BE1-9343CD785F36}.Debug|Win32.ActiveCfg = Debug|Win32
		{EBEEF6C6-A5B0-4EC4-8BE1-9343CD785F36}.Debug|Win32.Build.0 = Debug|Win32
		{EBEEF6C6-A5B0-4EC4-8BE1-9343CD785F36}.Release|Win32.ActiveCfg = Release|Win32
		{EBEEF6C6-A5B0-4EC4-8BE1-9343CD785F36}.Release|Win32.Build.0 = Release|Win32
		{67B61310-8367-4D80-83A8-342365B57CDE}.Debug|Win32.ActiveCfg = Debug|Win32
		{67B61310-8367-4D80-83A8-342365B57CDE}.Debug|Win32.Build.0 = Debug|Win32
		{67B61310-8367-4D80-83A8-342365B57CDE}.Release|Win32.ActiveCfg = Release|Win32
		{67B61310-8367-4D80-83A8-342365B57CDE}.Release|Win32.Build.0 = Release|Win32
	EndGlobalSection
	GlobalSection(SolutionProperties) = preSolution
		HideSolutionNode = FALSE
	EndGlobalSection
EndGlobal
