<?xml version="1.0" encoding="utf-8"?>
<Project ToolsVersion="4.0" xmlns="http://schemas.microsoft.com/developer/msbuild/2003">
  <ItemGroup>
    <Filter Include="Файлы исходного кода">
      <UniqueIdentifier>{4FC737F1-C7A5-4376-A066-2A32D752A2FF}</UniqueIdentifier>
      <Extensions>cpp;c;cc;cxx;def;odl;idl;hpj;bat;asm;asmx</Extensions>
    </Filter>
    <Filter Include="Заголовочные файлы">
      <UniqueIdentifier>{93995380-89BD-4b04-88EB-625FBE52EBFB}</UniqueIdentifier>
      <Extensions>h;hh;hpp;hxx;hm;inl;inc;xsd</Extensions>
    </Filter>
    <Filter Include="Файлы ресурсов">
      <UniqueIdentifier>{67DA6AB6-F800-4c08-8B7A-83BB121AAD01}</UniqueIdentifier>
      <Extensions>rc;ico;cur;bmp;dlg;rc2;rct;bin;rgs;gif;jpg;jpeg;jpe;resx;tiff;tif;png;wav;mfcribbon-ms</Extensions>
    </Filter>
    <Filter Include="Заголовочные файлы\ServerExchange">
      <UniqueIdentifier>{5f7ca7f1-f81c-40fb-b9c1-9ad34bf5bb4e}</UniqueIdentifier>
    </Filter>
    <Filter Include="Файлы исходного кода\ServerExchange">
      <UniqueIdentifier>{60634807-1e3b-45b6-8dc3-2aa482a04f58}</UniqueIdentifier>
    </Filter>
    <Filter Include="Заголовочные файлы\DeviceExchange">
      <UniqueIdentifier>{dbdb97ee-c637-4ca2-af09-55951a12f078}</UniqueIdentifier>
    </Filter>
    <Filter Include="Файлы исходного кода\DeviceExchange">
      <UniqueIdentifier>{2fdb1b13-69eb-4e95-b416-2ad32fa37579}</UniqueIdentifier>
    </Filter>
    <Filter Include="Заголовочные файлы\LogicStructures">
      <UniqueIdentifier>{c72ce019-90e9-4141-86c4-bf3fc0f6d0ad}</UniqueIdentifier>
    </Filter>
    <Filter Include="Файлы исходного кода\LogicStructures">
      <UniqueIdentifier>{93db470d-30fa-469d-8fa0-41381167cd5f}</UniqueIdentifier>
    </Filter>
    <Filter Include="Заголовочные файлы\Logic">
      <UniqueIdentifier>{abc55172-04f7-4c0d-96a6-8f2166c4b12d}</UniqueIdentifier>
    </Filter>
    <Filter Include="Заголовочные файлы\Settings">
      <UniqueIdentifier>{7c1b03f8-6b38-4167-b1b9-07d8ffccbd4e}</UniqueIdentifier>
    </Filter>
    <Filter Include="Файлы исходного кода\Logic">
      <UniqueIdentifier>{b6ea0af2-6585-471f-b7fc-80971711356d}</UniqueIdentifier>
    </Filter>
    <Filter Include="Файлы исходного кода\Settings">
      <UniqueIdentifier>{098bf53d-7e5b-4ee6-bf11-a69f2c6cd3a7}</UniqueIdentifier>
    </Filter>
  </ItemGroup>
  <ItemGroup>
    <Text Include="ReadMe.txt" />
  </ItemGroup>
  <ItemGroup>
    <ClInclude Include="targetver.h">
      <Filter>Заголовочные файлы</Filter>
    </ClInclude>
    <ClInclude Include="ServerExchange\PacketToRawData.h">
      <Filter>Заголовочные файлы\ServerExchange</Filter>
    </ClInclude>
    <ClInclude Include="ServerExchange\protocol_structures.h">
      <Filter>Заголовочные файлы\ServerExchange</Filter>
    </ClInclude>
    <ClInclude Include="stdafx\stdafx.h">
      <Filter>Заголовочные файлы</Filter>
    </ClInclude>
    <ClInclude Include="DeviceExchange\device_protocol.h">
      <Filter>Заголовочные файлы\DeviceExchange</Filter>
    </ClInclude>
    <ClInclude Include="ServerExchange\ServerPacketParser.h">
      <Filter>Заголовочные файлы\ServerExchange</Filter>
    </ClInclude>
    <ClInclude Include="DeviceExchange\DevicePacketConvertor.h">
      <Filter>Заголовочные файлы\DeviceExchange</Filter>
    </ClInclude>
    <ClInclude Include="LogicStructures\data_from_device.h">
      <Filter>Заголовочные файлы\LogicStructures</Filter>
    </ClInclude>
    <ClInclude Include="LogicStructures\data_from_pc.h">
      <Filter>Заголовочные файлы\LogicStructures</Filter>
    </ClInclude>
    <ClInclude Include="LogicStructures\BaseStructuresConvertor.h">
      <Filter>Заголовочные файлы\LogicStructures</Filter>
    </ClInclude>
    <ClInclude Include="LogicStructures\PacketFromDeviceToLogicDataFromDeviceConverter.h">
      <Filter>Заголовочные файлы\LogicStructures</Filter>
    </ClInclude>
    <ClInclude Include="LogicStructures\PacketFromPcToLogicDataFromPcConverter.h">
      <Filter>Заголовочные файлы\LogicStructures</Filter>
    </ClInclude>
    <ClInclude Include="LogicStructures\LogicDataFromPcToPacketFromPcConverter.h">
      <Filter>Заголовочные файлы\LogicStructures</Filter>
    </ClInclude>
    <ClInclude Include="LogicStructures\LogicDataFromDeviceToPacketFromDeviceConverter.h">
      <Filter>Заголовочные файлы\LogicStructures</Filter>
    </ClInclude>
    <ClInclude Include="Logic\ServicesNames.h">
      <Filter>Заголовочные файлы\Logic</Filter>
    </ClInclude>
    <ClInclude Include="Settings\CommonSettings.h">
      <Filter>Заголовочные файлы\Settings</Filter>
    </ClInclude>
    <ClInclude Include="Settings\CorrespondSettings.h">
      <Filter>Заголовочные файлы\Settings</Filter>
    </ClInclude>
    <ClInclude Include="Logic\Logic.h">
      <Filter>Заголовочные файлы\Logic</Filter>
    </ClInclude>
    <ClInclude Include="resource.h">
      <Filter>Заголовочные файлы</Filter>
    </ClInclude>
    <ClInclude Include="DeviceExchange\DeviceInteract.h">
      <Filter>Заголовочные файлы\DeviceExchange</Filter>
    </ClInclude>
    <ClInclude Include="DeviceExchange\DeviceMessageDescription.h">
      <Filter>Заголовочные файлы\DeviceExchange</Filter>
    </ClInclude>
    <ClInclude Include="ServerExchange\ServerInteract.h">
      <Filter>Заголовочные файлы\ServerExchange</Filter>
    </ClInclude>
    <ClInclude Include="LogicStructures\server_structures.h">
      <Filter>Заголовочные файлы\LogicStructures</Filter>
    </ClInclude>
    <ClInclude Include="Logic\state.h">
      <Filter>Заголовочные файлы\Logic</Filter>
    </ClInclude>
    <ClInclude Include="Logic\AdvertisingIdleState.h">
      <Filter>Заголовочные файлы\Logic</Filter>
    </ClInclude>
    <ClInclude Include="Logic\SettingsWorkState.h">
      <Filter>Заголовочные файлы\Logic</Filter>
    </ClInclude>
    <ClInclude Include="Logic\ExecutingServiceState.h">
      <Filter>Заголовочные файлы\Logic</Filter>
    </ClInclude>
    <ClInclude Include="Logic\RefillCacheState.h">
      <Filter>Заголовочные файлы\Logic</Filter>
    </ClInclude>
    <ClInclude Include="Logic\FreeEdleState.h">
      <Filter>Заголовочные файлы\Logic</Filter>
    </ClInclude>
    <ClInclude Include="Logic\PaidIdleState.h">
      <Filter>Заголовочные файлы\Logic</Filter>
    </ClInclude>
  </ItemGroup>
  <ItemGroup>
    <ClCompile Include="ServerExchange\PacketToRawData.cpp">
      <Filter>Файлы исходного кода\ServerExchange</Filter>
    </ClCompile>
    <ClCompile Include="stdafx\stdafx.cpp">
      <Filter>Файлы исходного кода</Filter>
    </ClCompile>
    <ClCompile Include="ServerExchange\ServerPacketParser.cpp">
      <Filter>Файлы исходного кода\ServerExchange</Filter>
    </ClCompile>
    <ClCompile Include="LogicStructures\PacketFromDeviceToLogicDataFromDeviceConverter.cpp">
      <Filter>Файлы исходного кода\LogicStructures</Filter>
    </ClCompile>
    <ClCompile Include="LogicStructures\PacketFromPcToLogicDataFromPcConverter.cpp">
      <Filter>Файлы исходного кода\LogicStructures</Filter>
    </ClCompile>
    <ClCompile Include="LogicStructures\LogicDataFromPcToPacketFromPcConverter.cpp">
      <Filter>Файлы исходного кода\LogicStructures</Filter>
    </ClCompile>
    <ClCompile Include="LogicStructures\LogicDataFromDeviceToPacketFromDeviceConverter.cpp">
      <Filter>Файлы исходного кода\LogicStructures</Filter>
    </ClCompile>
    <ClCompile Include="Settings\CommonSettings.cpp">
      <Filter>Файлы исходного кода\Settings</Filter>
    </ClCompile>
    <ClCompile Include="Settings\CorrespondSettings.cpp">
      <Filter>Файлы исходного кода\Settings</Filter>
    </ClCompile>
    <ClCompile Include="Logic\Logic.cpp">
      <Filter>Файлы исходного кода\Logic</Filter>
    </ClCompile>
    <ClCompile Include="DeviceExchange\DeviceInteract.cpp">
      <Filter>Файлы исходного кода\DeviceExchange</Filter>
    </ClCompile>
    <ClCompile Include="DeviceExchange\DeviceMessageDescription.cpp">
      <Filter>Файлы исходного кода\DeviceExchange</Filter>
    </ClCompile>
    <ClCompile Include="ServerExchange\ServerInteract.cpp">
      <Filter>Файлы исходного кода\ServerExchange</Filter>
    </ClCompile>
    <ClCompile Include="Logic\AdvertisingIdleState.cpp">
      <Filter>Файлы исходного кода\Logic</Filter>
    </ClCompile>
    <ClCompile Include="Logic\SettingsWorkState.cpp">
      <Filter>Файлы исходного кода\Logic</Filter>
    </ClCompile>
    <ClCompile Include="Logic\ExecutingServiceState.cpp">
      <Filter>Файлы исходного кода\Logic</Filter>
    </ClCompile>
    <ClCompile Include="Logic\RefillCacheState.cpp">
      <Filter>Файлы исходного кода\Logic</Filter>
    </ClCompile>
    <ClCompile Include="Logic\FreeEdleState.cpp">
      <Filter>Файлы исходного кода\Logic</Filter>
    </ClCompile>
    <ClCompile Include="Logic\PaidIdleState.cpp">
      <Filter>Файлы исходного кода\Logic</Filter>
    </ClCompile>
  </ItemGroup>
  <ItemGroup>
    <ResourceCompile Include="TerminalLib.rc">
      <Filter>Файлы ресурсов</Filter>
    </ResourceCompile>
  </ItemGroup>
  <ItemGroup>
    <None Include="settings.ini" />
  </ItemGroup>
</Project>